
Microsoft Visual Studio Solution File, Format Version 12.00
# Visual Studio Version 17
VisualStudioVersion = 17.0.31521.260
MinimumVisualStudioVersion = 10.0.40219.1
Project("{FAE04EC0-301F-11D3-BF4B-00C04F79EFBC}") = "Calculator", "Calculator\Calculator.csproj", "{10194431-F3E3-4771-B28F-8155B1E2DE96}"
EndProject
Project("{FAE04EC0-301F-11D3-BF4B-00C04F79EFBC}") = "Calculator.Tests", "Calculator.Tests\Calculator.Tests.csproj", "{FAF1CC56-7F2F-4927-8768-856DDC339105}"
EndProject
Global
	GlobalSection(SolutionConfigurationPlatforms) = preSolution
		Debug|Any CPU = Debug|Any CPU
		Release|Any CPU = Release|Any CPU
	EndGlobalSection
	GlobalSection(ProjectConfigurationPlatforms) = postSolution
		{10194431-F3E3-4771-B28F-8155B1E2DE96}.Debug|Any CPU.ActiveCfg = Debug|Any CPU
		{10194431-F3E3-4771-B28F-8155B1E2DE96}.Debug|Any CPU.Build.0 = Debug|Any CPU
		{10194431-F3E3-4771-B28F-8155B1E2DE96}.Release|Any CPU.ActiveCfg = Release|Any CPU
		{10194431-F3E3-4771-B28F-8155B1E2DE96}.Release|Any CPU.Build.0 = Release|Any CPU
		{FAF1CC56-7F2F-4927-8768-856DDC339105}.Debug|Any CPU.ActiveCfg = Debug|Any CPU
		{FAF1CC56-7F2F-4927-8768-856DDC339105}.Debug|Any CPU.Build.0 = Debug|Any CPU
		{FAF1CC56-7F2F-4927-8768-856DDC339105}.Release|Any CPU.ActiveCfg = Release|Any CPU
		{FAF1CC56-7F2F-4927-8768-856DDC339105}.Release|Any CPU.Build.0 = Release|Any CPU
	EndGlobalSection
	GlobalSection(SolutionProperties) = preSolution
		HideSolutionNode = FALSE
	EndGlobalSection
	GlobalSection(ExtensibilityGlobals) = postSolution
		SolutionGuid = {C6DA3A9E-AA72-4B78-ACF1-AE565C36F771}
	EndGlobalSection
EndGlobal
